
Microsoft Visual Studio Solution File, Format Version 12.00
# Visual Studio Version 17
VisualStudioVersion = 17.9.34622.214
MinimumVisualStudioVersion = 10.0.40219.1
Project("{FAE04EC0-301F-11D3-BF4B-00C04F79EFBC}") = "Semana02", "Semana02\Semana02.csproj", "{F78806A0-35EE-45F2-8667-2C9EBA17E6FD}"
EndProject
Global
	GlobalSection(SolutionConfigurationPlatforms) = preSolution
		Debug|Any CPU = Debug|Any CPU
		Release|Any CPU = Release|Any CPU
	EndGlobalSection
	GlobalSection(ProjectConfigurationPlatforms) = postSolution
		{F78806A0-35EE-45F2-8667-2C9EBA17E6FD}.Debug|Any CPU.ActiveCfg = Debug|Any CPU
		{F78806A0-35EE-45F2-8667-2C9EBA17E6FD}.Debug|Any CPU.Build.0 = Debug|Any CPU
		{F78806A0-35EE-45F2-8667-2C9EBA17E6FD}.Release|Any CPU.ActiveCfg = Release|Any CPU
		{F78806A0-35EE-45F2-8667-2C9EBA17E6FD}.Release|Any CPU.Build.0 = Release|Any CPU
	EndGlobalSection
	GlobalSection(SolutionProperties) = preSolution
		HideSolutionNode = FALSE
	EndGlobalSection
	GlobalSection(ExtensibilityGlobals) = postSolution
		SolutionGuid = {DCE8D4FC-2ABD-463B-91FF-F196E56936F2}
	EndGlobalSection
EndGlobal
